
Microsoft Visual Studio Solution File, Format Version 12.00
# Visual Studio Version 17
VisualStudioVersion = 17.6.33829.357
MinimumVisualStudioVersion = 10.0.40219.1
Project("{FAE04EC0-301F-11D3-BF4B-00C04F79EFBC}") = "Project", "Project\Project.csproj", "{0B330291-248E-4944-B3FF-06056EE6D60B}"
EndProject
Global
	GlobalSection(SolutionConfigurationPlatforms) = preSolution
		Debug|Any CPU = Debug|Any CPU
		Release|Any CPU = Release|Any CPU
	EndGlobalSection
	GlobalSection(ProjectConfigurationPlatforms) = postSolution
		{0B330291-248E-4944-B3FF-06056EE6D60B}.Debug|Any CPU.ActiveCfg = Debug|Any CPU
		{0B330291-248E-4944-B3FF-06056EE6D60B}.Debug|Any CPU.Build.0 = Debug|Any CPU
		{0B330291-248E-4944-B3FF-06056EE6D60B}.Release|Any CPU.ActiveCfg = Release|Any CPU
		{0B330291-248E-4944-B3FF-06056EE6D60B}.Release|Any CPU.Build.0 = Release|Any CPU
	EndGlobalSection
	GlobalSection(SolutionProperties) = preSolution
		HideSolutionNode = FALSE
	EndGlobalSection
	GlobalSection(ExtensibilityGlobals) = postSolution
		SolutionGuid = {00073764-A97F-4CFB-B54D-8A37600B53AA}
	EndGlobalSection
EndGlobal
